<?xml version="1.0" encoding="UTF-8" standalone="yes" ?>
<CodeBlocks_project_file>
	<FileVersion major="1" minor="6" />
	<Project>
		<Option title="wexchat-server" />
		<Option pch_mode="2" />
		<Option compiler="gcc" />
		<Option virtualFolders="server/;tools/;logic/;data/;" />
		<Build>
			<Target title="Debug">
				<Option output="bin/Debug/wexchat-server" prefix_auto="1" extension_auto="1" />
				<Option object_output="obj/Debug/" />
				<Option type="1" />
				<Option compiler="gcc" />
				<Compiler>
					<Add option="-g" />
				</Compiler>
			</Target>
			<Target title="Release">
				<Option output="bin/Release/wexchat-server" prefix_auto="1" extension_auto="1" />
				<Option object_output="obj/Release/" />
				<Option type="1" />
				<Option compiler="gcc" />
				<Compiler>
					<Add option="-O2" />
				</Compiler>
				<Linker>
					<Add option="-s" />
				</Linker>
			</Target>
		</Build>
		<Compiler>
			<Add option="-Wall" />
		</Compiler>
		<Unit filename="cJSON.c">
			<Option compilerVar="CC" />
			<Option virtualFolder="tools/" />
		</Unit>
		<Unit filename="cJSON.h">
			<Option virtualFolder="tools/" />
		</Unit>
		<Unit filename="main.c">
			<Option compilerVar="CC" />
			<Option virtualFolder="server/" />
		</Unit>
		<Unit filename="threadpool.c">
			<Option compilerVar="CC" />
			<Option virtualFolder="tools/" />
		</Unit>
		<Unit filename="threadpool.h">
			<Option virtualFolder="tools/" />
		</Unit>
		<Unit filename="wec_query.c">
			<Option compilerVar="CC" />
			<Option virtualFolder="data/" />
		</Unit>
		<Unit filename="wex_data_constraints.h">
			<Option virtualFolder="data/" />
		</Unit>
		<Unit filename="wex_entity.c">
			<Option compilerVar="CC" />
			<Option virtualFolder="data/" />
		</Unit>
		<Unit filename="wex_entity.h">
			<Option virtualFolder="data/" />
		</Unit>
		<Unit filename="wex_hashmap.c">
			<Option compilerVar="CC" />
			<Option virtualFolder="tools/" />
		</Unit>
		<Unit filename="wex_hashmap.h">
			<Option virtualFolder="tools/" />
		</Unit>
		<Unit filename="wex_list.c">
			<Option compilerVar="CC" />
			<Option virtualFolder="tools/" />
		</Unit>
		<Unit filename="wex_list.h">
			<Option virtualFolder="tools/" />
		</Unit>
		<Unit filename="wex_logic_interface.c">
			<Option compilerVar="CC" />
			<Option virtualFolder="logic/" />
		</Unit>
		<Unit filename="wex_logic_interface.h">
			<Option virtualFolder="logic/" />
		</Unit>
		<Unit filename="wex_logic_user.c">
			<Option compilerVar="CC" />
			<Option virtualFolder="logic/" />
		</Unit>
		<Unit filename="wex_logic_user.h">
			<Option virtualFolder="logic/" />
		</Unit>
		<Unit filename="wex_neo4j_connctor.c">
			<Option compilerVar="CC" />
			<Option virtualFolder="tools/" />
		</Unit>
		<Unit filename="wex_neo4j_connctor.h">
			<Option virtualFolder="tools/" />
		</Unit>
		<Unit filename="wex_protocol_parser.c">
			<Option compilerVar="CC" />
			<Option virtualFolder="server/" />
		</Unit>
		<Unit filename="wex_protocol_parser.h">
			<Option virtualFolder="server/" />
		</Unit>
		<Unit filename="wex_query.h">
			<Option virtualFolder="data/" />
		</Unit>
		<Unit filename="wex_server.c">
			<Option compilerVar="CC" />
			<Option virtualFolder="server/" />
		</Unit>
		<Unit filename="wex_server.h">
			<Option virtualFolder="server/" />
		</Unit>
		<Unit filename="wex_unixconf.c">
			<Option compilerVar="CC" />
			<Option virtualFolder="tools/" />
		</Unit>
		<Unit filename="wex_unixconf.h">
			<Option virtualFolder="tools/" />
		</Unit>
		<Unit filename="wexlog.c">
			<Option compilerVar="CC" />
			<Option virtualFolder="tools/" />
		</Unit>
		<Unit filename="wexlog.h">
			<Option virtualFolder="tools/" />
		</Unit>
		<Extensions>
			<code_completion />
			<debugger />
		</Extensions>
	</Project>
</CodeBlocks_project_file>
